{
  "name": "nodesify-graphify",
  "lockfileVersion": 3,
  "requires": true,
  "packages": {
    "": {
      "name": "nodesify-graphify",
      "workspaces": [
        "packages/*"
      ]
    },
    "node_modules/@esbuild/win32-x64": {
      "version": "0.27.7",
      "cpu": [
        "x64"
      ],
      "dev": true,
      "license": "MIT",
      "optional": true,
      "os": [
        "win32"
      ],
      "engines": {
        "node": ">=18"
      }
    },
    "node_modules/@napi-rs/cli": {
      "version": "2.18.4",
      "dev": true,
      "license": "MIT",
      "bin": {
        "napi": "scripts/index.js"
      },
      "engines": {
        "node": ">= 10"
      },
      "funding": {
        "type": "github",
        "url": "https://github.com/sponsors/Brooooooklyn"
      }
    },
    "node_modules/@nodesify/graphify": {
      "resolved": "packages/graphify-cli",
      "link": true
    },
    "node_modules/@nodesify/graphify-darwin-arm64": {
      "version": "0.1.3",
      "resolved": "https://registry.npmjs.org/@nodesify/graphify-darwin-arm64/-/graphify-darwin-arm64-0.1.3.tgz",
      "integrity": "sha512-EynF956lZ+FTbwo9r827BOcDeuYEMqgu1hQmkWbhYQ5L8pfqBK1wdapsjT84PeC2tpC9RmqBc40AC2Y/Kl9bmQ==",
      "cpu": [
        "arm64"
      ],
      "license": "MIT",
      "optional": true,
      "os": [
        "darwin"
      ],
      "engines": {
        "node": ">=20"
      }
    },
    "node_modules/@nodesify/graphify-darwin-x64": {
      "version": "0.1.3",
      "resolved": "https://registry.npmjs.org/@nodesify/graphify-darwin-x64/-/graphify-darwin-x64-0.1.3.tgz",
      "integrity": "sha512-ybPaJpHN5hvz2pbfbBMAAwbRNDsh/XhS60lrZ/2Amm6SG0CDJlmxS2oeYQ/Jr49U3G+wm8hsKmFuDmqF4BVeOQ==",
      "cpu": [
        "x64"
      ],
      "license": "MIT",
      "optional": true,
      "os": [
        "darwin"
      ],
      "engines": {
        "node": ">=20"
      }
    },
    "node_modules/@nodesify/graphify-linux-arm64-gnu": {
      "version": "0.1.3",
      "resolved": "https://registry.npmjs.org/@nodesify/graphify-linux-arm64-gnu/-/graphify-linux-arm64-gnu-0.1.3.tgz",
      "integrity": "sha512-dF2AIxEjqp5HTLHlWCTwqiXEAiYqQzQxncpi2JV4RYaZnOQ3qvTppAjiTEdDfTQE1iFoJWg5Lf4QI1CySrtdaQ==",
      "cpu": [
        "arm64"
      ],
      "libc": [
        "glibc"
      ],
      "license": "MIT",
      "optional": true,
      "os": [
        "linux"
      ],
      "engines": {
        "node": ">=20"
      }
    },
    "node_modules/@nodesify/graphify-linux-x64-gnu": {
      "version": "0.1.3",
      "resolved": "https://registry.npmjs.org/@nodesify/graphify-linux-x64-gnu/-/graphify-linux-x64-gnu-0.1.3.tgz",
      "integrity": "sha512-DWWU68YM0rBUbFBmnTLCnulz40sGQVjogS6DPAu58CFAWvH7DiZRtuGuhRXIqZ/4rVAR1H3qu5I00zxxW/6dYg==",
      "cpu": [
        "x64"
      ],
      "libc": [
        "glibc"
      ],
      "license": "MIT",
      "optional": true,
      "os": [
        "linux"
      ],
      "engines": {
        "node": ">=20"
      }
    },
    "node_modules/@nodesify/graphify-win32-x64-msvc": {
      "version": "0.1.3",
      "cpu": [
        "x64"
      ],
      "license": "MIT",
      "optional": true,
      "os": [
        "win32"
      ],
      "engines": {
        "node": ">=20"
      }
    },
    "node_modules/esbuild": {
      "version": "0.27.7",
      "dev": true,
      "hasInstallScript": true,
      "license": "MIT",
      "bin": {
        "esbuild": "bin/esbuild"
      },
      "engines": {
        "node": ">=18"
      },
      "optionalDependencies": {
        "@esbuild/aix-ppc64": "0.27.7",
        "@esbuild/android-arm": "0.27.7",
        "@esbuild/android-arm64": "0.27.7",
        "@esbuild/android-x64": "0.27.7",
        "@esbuild/darwin-arm64": "0.27.7",
        "@esbuild/darwin-x64": "0.27.7",
        "@esbuild/freebsd-arm64": "0.27.7",
        "@esbuild/freebsd-x64": "0.27.7",
        "@esbuild/linux-arm": "0.27.7",
        "@esbuild/linux-arm64": "0.27.7",
        "@esbuild/linux-ia32": "0.27.7",
        "@esbuild/linux-loong64": "0.27.7",
        "@esbuild/linux-mips64el": "0.27.7",
        "@esbuild/linux-ppc64": "0.27.7",
        "@esbuild/linux-riscv64": "0.27.7",
        "@esbuild/linux-s390x": "0.27.7",
        "@esbuild/linux-x64": "0.27.7",
        "@esbuild/netbsd-arm64": "0.27.7",
        "@esbuild/netbsd-x64": "0.27.7",
        "@esbuild/openbsd-arm64": "0.27.7",
        "@esbuild/openbsd-x64": "0.27.7",
        "@esbuild/openharmony-arm64": "0.27.7",
        "@esbuild/sunos-x64": "0.27.7",
        "@esbuild/win32-arm64": "0.27.7",
        "@esbuild/win32-ia32": "0.27.7",
        "@esbuild/win32-x64": "0.27.7"
      }
    },
    "node_modules/get-tsconfig": {
      "version": "4.14.0",
      "dev": true,
      "license": "MIT",
      "dependencies": {
        "resolve-pkg-maps": "^1.0.0"
      },
      "funding": {
        "url": "https://github.com/privatenumber/get-tsconfig?sponsor=1"
      }
    },
    "node_modules/resolve-pkg-maps": {
      "version": "1.0.0",
      "dev": true,
      "license": "MIT",
      "funding": {
        "url": "https://github.com/privatenumber/resolve-pkg-maps?sponsor=1"
      }
    },
    "node_modules/tsx": {
      "version": "4.21.0",
      "dev": true,
      "license": "MIT",
      "dependencies": {
        "esbuild": "~0.27.0",
        "get-tsconfig": "^4.7.5"
      },
      "bin": {
        "tsx": "dist/cli.mjs"
      },
      "engines": {
        "node": ">=18.0.0"
      },
      "optionalDependencies": {
        "fsevents": "~2.3.3"
      }
    },
    "packages/graphify-cli": {
      "name": "@nodesify/graphify",
      "version": "0.1.3",
      "license": "MIT",
      "dependencies": {
        "commander": "^12"
      },
      "bin": {
        "nodesify-graphify": "dist/index.js"
      },
      "devDependencies": {
        "@napi-rs/cli": "^2",
        "@types/node": "^22",
        "tsx": "^4",
        "typescript": "^5"
      },
      "engines": {
        "node": ">=20"
      },
      "optionalDependencies": {
        "@nodesify/graphify-darwin-arm64": "0.1.3",
        "@nodesify/graphify-darwin-x64": "0.1.3",
        "@nodesify/graphify-linux-arm64-gnu": "0.1.3",
        "@nodesify/graphify-linux-x64-gnu": "0.1.3",
        "@nodesify/graphify-win32-x64-msvc": "0.1.3"
      }
    },
    "packages/graphify-cli/node_modules/@types/node": {
      "version": "22.19.17",
      "dev": true,
      "license": "MIT",
      "dependencies": {
        "undici-types": "~6.21.0"
      }
    },
    "packages/graphify-cli/node_modules/commander": {
      "version": "12.1.0",
      "license": "MIT",
      "engines": {
        "node": ">=18"
      }
    },
    "packages/graphify-cli/node_modules/typescript": {
      "version": "5.9.3",
      "dev": true,
      "license": "Apache-2.0",
      "bin": {
        "tsc": "bin/tsc",
        "tsserver": "bin/tsserver"
      },
      "engines": {
        "node": ">=14.17"
      }
    },
    "packages/graphify-cli/node_modules/undici-types": {
      "version": "6.21.0",
      "dev": true,
      "license": "MIT"
    }
  }
}
